<?xml version="1.0" encoding="utf-8"?>
<Project ToolsVersion="4.0" xmlns="http://schemas.microsoft.com/developer/msbuild/2003">
  <ItemGroup>
    <Filter Include="Core">
      <UniqueIdentifier>{9bc3f7dc-68bc-474f-8e49-734b073b2f2d}</UniqueIdentifier>
    </Filter>
  </ItemGroup>
  <ItemGroup>
    <ClCompile Include="TextRPG.cpp">
      <Filter>Core</Filter>
    </ClCompile>
    <ClCompile Include="Player.cpp" />
    <ClCompile Include="Monster.cpp" />
    <ClCompile Include="StatusUnit.cpp" />
    <ClCompile Include="Town.cpp" />
    <ClCompile Include="FightZone.cpp" />
    <ClCompile Include="ZoneBase.cpp" />
    <ClCompile Include="Weapon.cpp" />
    <ClCompile Include="NameUnit.cpp" />
    <ClCompile Include="FightUnit.cpp" />
  </ItemGroup>
  <ItemGroup>
    <ClInclude Include="Player.h" />
    <ClInclude Include="Monster.h" />
    <ClInclude Include="StatusUnit.h" />
    <ClInclude Include="Town.h" />
    <ClInclude Include="FightZone.h" />
    <ClInclude Include="ZoneBase.h" />
    <ClInclude Include="Weapon.h" />
    <ClInclude Include="NameUnit.h" />
    <ClInclude Include="FightUnit.h" />
  </ItemGroup>
</Project>